// !$*UTF8*$!
{
	archiveVersion = 1;
	classes = {
	};
	objectVersion = 50;
	objects = {

/* Begin PBXBuildFile section */
		1F0936BE21F3A54800E707BD /* Probability in Resources */ = {isa = PBXBuildFile; fileRef = 1F0936BD21F3A54800E707BD /* Probability */; };
		1F0936C121F3C0B300E707BD /* Binary.swift in Sources */ = {isa = PBXBuildFile; fileRef = 1F0936C021F3C0B300E707BD /* Binary.swift */; };
		1F0936C321F3C13100E707BD /* Statistics.swift in Sources */ = {isa = PBXBuildFile; fileRef = 1F0936C221F3C13100E707BD /* Statistics.swift */; };
		1F0936C421F3C19F00E707BD /* Binary.swift in Sources */ = {isa = PBXBuildFile; fileRef = 1F0936C021F3C0B300E707BD /* Binary.swift */; };
		1F0936C521F3C19F00E707BD /* Statistics.swift in Sources */ = {isa = PBXBuildFile; fileRef = 1F0936C221F3C13100E707BD /* Statistics.swift */; };
		1F0936CB21F4E2A300E707BD /* Unary.swift in Sources */ = {isa = PBXBuildFile; fileRef = 1F0936CA21F4E2A300E707BD /* Unary.swift */; };
		1F0936CC21F4E2FF00E707BD /* Unary.swift in Sources */ = {isa = PBXBuildFile; fileRef = 1F0936CA21F4E2A300E707BD /* Unary.swift */; };
		1F0936CE21F4E36300E707BD /* Probability.swift in Sources */ = {isa = PBXBuildFile; fileRef = 1F0936CD21F4E36300E707BD /* Probability.swift */; };
		1F0936CF21F4E3A600E707BD /* Probability.swift in Sources */ = {isa = PBXBuildFile; fileRef = 1F0936CD21F4E36300E707BD /* Probability.swift */; };
		1F0936D121F4E45900E707BD /* Developer.swift in Sources */ = {isa = PBXBuildFile; fileRef = 1F0936D021F4E45900E707BD /* Developer.swift */; };
		1F0936D421F4E6BF00E707BD /* Developer.swift in Sources */ = {isa = PBXBuildFile; fileRef = 1F0936D021F4E45900E707BD /* Developer.swift */; };
		1F0936D721F4E80A00E707BD /* List & Tuple.swift in Sources */ = {isa = PBXBuildFile; fileRef = 1F0936D621F4E80A00E707BD /* List & Tuple.swift */; };
		1F0936D821F4E83A00E707BD /* List & Tuple.swift in Sources */ = {isa = PBXBuildFile; fileRef = 1F0936D621F4E80A00E707BD /* List & Tuple.swift */; };
		1F0936DD21F4EADE00E707BD /* Algebra.swift in Sources */ = {isa = PBXBuildFile; fileRef = 1F0936DC21F4EADE00E707BD /* Algebra.swift */; };
		1F0936DF21F4EB7A00E707BD /* Equality.swift in Sources */ = {isa = PBXBuildFile; fileRef = 1F0936DE21F4EB7A00E707BD /* Equality.swift */; };
		1F0936E121F4EBBE00E707BD /* Conversion.swift in Sources */ = {isa = PBXBuildFile; fileRef = 1F0936E021F4EBBE00E707BD /* Conversion.swift */; };
		1F0936E221F4EBF900E707BD /* Algebra.swift in Sources */ = {isa = PBXBuildFile; fileRef = 1F0936DC21F4EADE00E707BD /* Algebra.swift */; };
		1F0936E321F4EBF900E707BD /* Equality.swift in Sources */ = {isa = PBXBuildFile; fileRef = 1F0936DE21F4EB7A00E707BD /* Equality.swift */; };
		1F0936E421F4EBF900E707BD /* Conversion.swift in Sources */ = {isa = PBXBuildFile; fileRef = 1F0936E021F4EBBE00E707BD /* Conversion.swift */; };
		1F0936E621F4ED2300E707BD /* Configuration.swift in Sources */ = {isa = PBXBuildFile; fileRef = 1F0936E521F4ED2300E707BD /* Configuration.swift */; };
		1F0936E721F4EDA100E707BD /* Configuration.swift in Sources */ = {isa = PBXBuildFile; fileRef = 1F0936E521F4ED2300E707BD /* Configuration.swift */; };
		1F0936EC21F5058B00E707BD /* ListProtocol.swift in Sources */ = {isa = PBXBuildFile; fileRef = 1F0936EB21F5058B00E707BD /* ListProtocol.swift */; };
		1F0936ED21F5066100E707BD /* ListProtocol.swift in Sources */ = {isa = PBXBuildFile; fileRef = 1F0936EB21F5058B00E707BD /* ListProtocol.swift */; };
		1F0936F021F513AF00E707BD /* MutableListProtocol.swift in Sources */ = {isa = PBXBuildFile; fileRef = 1F0936EF21F513AF00E707BD /* MutableListProtocol.swift */; };
		1F0936F121F513CF00E707BD /* MutableListProtocol.swift in Sources */ = {isa = PBXBuildFile; fileRef = 1F0936EF21F513AF00E707BD /* MutableListProtocol.swift */; };
		1F0936F421F5184400E707BD /* Double+Value.swift in Sources */ = {isa = PBXBuildFile; fileRef = 1F0936F321F5184400E707BD /* Double+Value.swift */; };
		1F0936F621F5186200E707BD /* Int+Value.swift in Sources */ = {isa = PBXBuildFile; fileRef = 1F0936F521F5186200E707BD /* Int+Value.swift */; };
		1F0936F821F5189500E707BD /* Bool+Value.swift in Sources */ = {isa = PBXBuildFile; fileRef = 1F0936F721F5189500E707BD /* Bool+Value.swift */; };
		1F0936FA21F518BB00E707BD /* NSNumber+Value.swift in Sources */ = {isa = PBXBuildFile; fileRef = 1F0936F921F518BB00E707BD /* NSNumber+Value.swift */; };
		1F0936FB21F518D000E707BD /* Bool+Value.swift in Sources */ = {isa = PBXBuildFile; fileRef = 1F0936F721F5189500E707BD /* Bool+Value.swift */; };
		1F0936FC21F518D000E707BD /* Double+Value.swift in Sources */ = {isa = PBXBuildFile; fileRef = 1F0936F321F5184400E707BD /* Double+Value.swift */; };
		1F0936FD21F518D000E707BD /* Int+Value.swift in Sources */ = {isa = PBXBuildFile; fileRef = 1F0936F521F5186200E707BD /* Int+Value.swift */; };
		1F0936FE21F518D000E707BD /* NSNumber+Value.swift in Sources */ = {isa = PBXBuildFile; fileRef = 1F0936F921F518BB00E707BD /* NSNumber+Value.swift */; };
		1F09370121F51EC000E707BD /* Vector.swift in Sources */ = {isa = PBXBuildFile; fileRef = 1F09370021F51EC000E707BD /* Vector.swift */; };
		1F09370221F51EDD00E707BD /* Vector.swift in Sources */ = {isa = PBXBuildFile; fileRef = 1F09370021F51EC000E707BD /* Vector.swift */; };
		1F09370421F54E6200E707BD /* Calculus.swift in Sources */ = {isa = PBXBuildFile; fileRef = 1F09370321F54E6200E707BD /* Calculus.swift */; };
		1F09370521F5618200E707BD /* Calculus.swift in Sources */ = {isa = PBXBuildFile; fileRef = 1F09370321F54E6200E707BD /* Calculus.swift */; };
		1F09370721F56F9C00E707BD /* Calculus in Resources */ = {isa = PBXBuildFile; fileRef = 1F09370621F56F9C00E707BD /* Calculus */; };
		1F09370B21F57B0200E707BD /* Trigonometry in Resources */ = {isa = PBXBuildFile; fileRef = 1F09370A21F57B0200E707BD /* Trigonometry */; };
		1F09370F21F5800B00E707BD /* String in Resources */ = {isa = PBXBuildFile; fileRef = 1F09370E21F5800B00E707BD /* String */; };
		1F09371121F62BF700E707BD /* Loops in Resources */ = {isa = PBXBuildFile; fileRef = 1F09371021F62BF700E707BD /* Loops */; };
		1F09371521F64FC600E707BD /* Randomization in Resources */ = {isa = PBXBuildFile; fileRef = 1F09371421F64FC600E707BD /* Randomization */; };
		1F09371721F66C4B00E707BD /* Subscript in Resources */ = {isa = PBXBuildFile; fileRef = 1F09371621F66C4B00E707BD /* Subscript */; };
		1F09371921F672CD00E707BD /* DateTime in Resources */ = {isa = PBXBuildFile; fileRef = 1F09371821F672CD00E707BD /* DateTime */; };
		1F09371B21F67FDD00E707BD /* SystemCheck in Resources */ = {isa = PBXBuildFile; fileRef = 1F09371A21F67FDD00E707BD /* SystemCheck */; };
		1F09371D21F684D500E707BD /* Scope.swift in Sources */ = {isa = PBXBuildFile; fileRef = 1F09371C21F684D500E707BD /* Scope.swift */; };
		1F09371E21F684EC00E707BD /* Scope.swift in Sources */ = {isa = PBXBuildFile; fileRef = 1F09371C21F684D500E707BD /* Scope.swift */; };
		1F0A90DF21F7E94200432B17 /* ErrorHandling in Resources */ = {isa = PBXBuildFile; fileRef = 1F0A90DE21F7E94200432B17 /* ErrorHandling */; };
		1F0A90E221F8C32B00432B17 /* String+Colors.swift in Sources */ = {isa = PBXBuildFile; fileRef = 1F0A90E121F8C32B00432B17 /* String+Colors.swift */; };
		1F0A90E321F8C3C100432B17 /* String+Colors.swift in Sources */ = {isa = PBXBuildFile; fileRef = 1F0A90E121F8C32B00432B17 /* String+Colors.swift */; };
		1F0A90E521F93DCE00432B17 /* Statistics in Resources */ = {isa = PBXBuildFile; fileRef = 1F0A90E421F93DCE00432B17 /* Statistics */; };
		1F0A90E721F97B5000432B17 /* String+Regex.swift in Sources */ = {isa = PBXBuildFile; fileRef = 1F0A90E621F97B5000432B17 /* String+Regex.swift */; };
		1F0A90E821F97B7200432B17 /* String+Regex.swift in Sources */ = {isa = PBXBuildFile; fileRef = 1F0A90E621F97B5000432B17 /* String+Regex.swift */; };
		1F0A90EA21FA0EF600432B17 /* DataType.swift in Sources */ = {isa = PBXBuildFile; fileRef = 1F0A90E921FA0EF600432B17 /* DataType.swift */; };
		1F0A90EB21FA10D800432B17 /* DataType.swift in Sources */ = {isa = PBXBuildFile; fileRef = 1F0A90E921FA0EF600432B17 /* DataType.swift */; };
		1F0A90ED21FA27E700432B17 /* Vector & Matrix.swift in Sources */ = {isa = PBXBuildFile; fileRef = 1F0A90EC21FA27E700432B17 /* Vector & Matrix.swift */; };
		1F0A90EE21FA2A5C00432B17 /* Vector & Matrix.swift in Sources */ = {isa = PBXBuildFile; fileRef = 1F0A90EC21FA27E700432B17 /* Vector & Matrix.swift */; };
		1F0CF2C421EA420400E40086 /* String+LeafNode.swift in Sources */ = {isa = PBXBuildFile; fileRef = 1F0CF2C321EA420400E40086 /* String+LeafNode.swift */; };
		1F0CF2C521EA428000E40086 /* String+LeafNode.swift in Sources */ = {isa = PBXBuildFile; fileRef = 1F0CF2C321EA420400E40086 /* String+LeafNode.swift */; };
		1F0CF2C721EBA8C800E40086 /* Syntax.swift in Sources */ = {isa = PBXBuildFile; fileRef = 1F0CF2C621EBA8C800E40086 /* Syntax.swift */; };
		1F0CF2CA21EBAAB500E40086 /* Syntax.swift in Sources */ = {isa = PBXBuildFile; fileRef = 1F0CF2C621EBA8C800E40086 /* Syntax.swift */; };
		1F0CF2D321EEA74A00E40086 /* Misc in Resources */ = {isa = PBXBuildFile; fileRef = 1F0CF2D221EEA74A00E40086 /* Misc */; };
		1F0CF2D521EEB69300E40086 /* Program.swift in Sources */ = {isa = PBXBuildFile; fileRef = 1F0CF2D421EEB69300E40086 /* Program.swift */; };
		1F0CF2D621EEB6C100E40086 /* Program.swift in Sources */ = {isa = PBXBuildFile; fileRef = 1F0CF2D421EEB69300E40086 /* Program.swift */; };
		1F2E82AC21966FC5005C3353 /* Operation.swift in Sources */ = {isa = PBXBuildFile; fileRef = 1F2E82AB21966FC5005C3353 /* Operation.swift */; };
		1F2E82AE2197331F005C3353 /* Function.swift in Sources */ = {isa = PBXBuildFile; fileRef = 1F2E82AD2197331F005C3353 /* Function.swift */; };
		1F2E82B02197338B005C3353 /* Node.swift in Sources */ = {isa = PBXBuildFile; fileRef = 1F2E82AF2197338B005C3353 /* Node.swift */; };
		1F2E82B221973FF7005C3353 /* Value.swift in Sources */ = {isa = PBXBuildFile; fileRef = 1F2E82B121973FF7005C3353 /* Value.swift */; };
		1F2E82B42197416D005C3353 /* List.swift in Sources */ = {isa = PBXBuildFile; fileRef = 1F2E82B32197416D005C3353 /* List.swift */; };
		1F2E82B621974368005C3353 /* Variable.swift in Sources */ = {isa = PBXBuildFile; fileRef = 1F2E82B521974368005C3353 /* Variable.swift */; };
		1F2E82C32197591F005C3353 /* main.swift in Sources */ = {isa = PBXBuildFile; fileRef = 1F2E82BD219757FC005C3353 /* main.swift */; };
		1F2E82D021975A94005C3353 /* Compiler.swift in Sources */ = {isa = PBXBuildFile; fileRef = 1FFD8CD4218F52430004ECEB /* Compiler.swift */; };
		1F2E82D121975A94005C3353 /* List.swift in Sources */ = {isa = PBXBuildFile; fileRef = 1F2E82B32197416D005C3353 /* List.swift */; };
		1F2E82D221975A94005C3353 /* Value.swift in Sources */ = {isa = PBXBuildFile; fileRef = 1F2E82B121973FF7005C3353 /* Value.swift */; };
		1F2E82D321975A94005C3353 /* Operation.swift in Sources */ = {isa = PBXBuildFile; fileRef = 1F2E82AB21966FC5005C3353 /* Operation.swift */; };
		1F2E82D421975A94005C3353 /* Variable.swift in Sources */ = {isa = PBXBuildFile; fileRef = 1F2E82B521974368005C3353 /* Variable.swift */; };
		1F2E82D521975A94005C3353 /* Function.swift in Sources */ = {isa = PBXBuildFile; fileRef = 1F2E82AD2197331F005C3353 /* Function.swift */; };
		1F2E82D621975A94005C3353 /* Node.swift in Sources */ = {isa = PBXBuildFile; fileRef = 1F2E82AF2197338B005C3353 /* Node.swift */; };
		1F3974BC21E3970F006D6DC2 /* Error.swift in Sources */ = {isa = PBXBuildFile; fileRef = 1F3974BB21E3970F006D6DC2 /* Error.swift */; };
		1F3974BD21E39A7A006D6DC2 /* Error.swift in Sources */ = {isa = PBXBuildFile; fileRef = 1F3974BB21E3970F006D6DC2 /* Error.swift */; };
		1F3974BF21E3B741006D6DC2 /* LeafNode.swift in Sources */ = {isa = PBXBuildFile; fileRef = 1F3974BE21E3B741006D6DC2 /* LeafNode.swift */; };
		1F3974C121E3B761006D6DC2 /* NaN.swift in Sources */ = {isa = PBXBuildFile; fileRef = 1F3974C021E3B761006D6DC2 /* NaN.swift */; };
		1F3974C221E3B8A3006D6DC2 /* NaN.swift in Sources */ = {isa = PBXBuildFile; fileRef = 1F3974C021E3B761006D6DC2 /* NaN.swift */; };
		1F3974C321E3B8A3006D6DC2 /* LeafNode.swift in Sources */ = {isa = PBXBuildFile; fileRef = 1F3974BE21E3B741006D6DC2 /* LeafNode.swift */; };
		1F3974C521E633FD006D6DC2 /* Equation.swift in Sources */ = {isa = PBXBuildFile; fileRef = 1F3974C421E633FD006D6DC2 /* Equation.swift */; };
		1F3974C621E6341C006D6DC2 /* Equation.swift in Sources */ = {isa = PBXBuildFile; fileRef = 1F3974C421E633FD006D6DC2 /* Equation.swift */; };
		1F3974C821E67627006D6DC2 /* Mode.swift in Sources */ = {isa = PBXBuildFile; fileRef = 1F3974C721E67627006D6DC2 /* Mode.swift */; };
		1F3974C921E6765A006D6DC2 /* Mode.swift in Sources */ = {isa = PBXBuildFile; fileRef = 1F3974C721E67627006D6DC2 /* Mode.swift */; };
		1F645FC021FAA1260096AD1C /* Vector in Resources */ = {isa = PBXBuildFile; fileRef = 1F645FBF21FAA1260096AD1C /* Vector */; };
		1FE1697321F28F1E0006712C /* Tests in Resources */ = {isa = PBXBuildFile; fileRef = 1FE1697221F28F1E0006712C /* Tests */; };
		1FE1697621F2D44A0006712C /* Tuple.swift in Sources */ = {isa = PBXBuildFile; fileRef = 1FE1697521F2D44A0006712C /* Tuple.swift */; };
		1FE1697721F2D5D40006712C /* Tuple.swift in Sources */ = {isa = PBXBuildFile; fileRef = 1FE1697521F2D44A0006712C /* Tuple.swift */; };
		1FE1697B21F2EC070006712C /* Conditionals in Resources */ = {isa = PBXBuildFile; fileRef = 1FE1697A21F2EC070006712C /* Conditionals */; };
		1FE1697D21F380CA0006712C /* BinaryNode.swift in Sources */ = {isa = PBXBuildFile; fileRef = 1FE1697C21F380CA0006712C /* BinaryNode.swift */; };
		1FE1697E21F381730006712C /* BinaryNode.swift in Sources */ = {isa = PBXBuildFile; fileRef = 1FE1697C21F380CA0006712C /* BinaryNode.swift */; };
		1FFD8CA3218F50850004ECEB /* AppDelegate.swift in Sources */ = {isa = PBXBuildFile; fileRef = 1FFD8CA2218F50850004ECEB /* AppDelegate.swift */; };
		1FFD8CA5218F50850004ECEB /* ViewController.swift in Sources */ = {isa = PBXBuildFile; fileRef = 1FFD8CA4218F50850004ECEB /* ViewController.swift */; };
		1FFD8CA8218F50850004ECEB /* Kelvin.xcdatamodeld in Sources */ = {isa = PBXBuildFile; fileRef = 1FFD8CA6218F50850004ECEB /* Kelvin.xcdatamodeld */; };
		1FFD8CAA218F50870004ECEB /* Assets.xcassets in Resources */ = {isa = PBXBuildFile; fileRef = 1FFD8CA9218F50870004ECEB /* Assets.xcassets */; };
		1FFD8CAD218F50870004ECEB /* Main.storyboard in Resources */ = {isa = PBXBuildFile; fileRef = 1FFD8CAB218F50870004ECEB /* Main.storyboard */; };
		1FFD8CB9218F50870004ECEB /* KelvinTests.swift in Sources */ = {isa = PBXBuildFile; fileRef = 1FFD8CB8218F50870004ECEB /* KelvinTests.swift */; };
		1FFD8CC4218F50870004ECEB /* KelvinUITests.swift in Sources */ = {isa = PBXBuildFile; fileRef = 1FFD8CC3218F50870004ECEB /* KelvinUITests.swift */; };
		1FFD8CD5218F52430004ECEB /* Compiler.swift in Sources */ = {isa = PBXBuildFile; fileRef = 1FFD8CD4218F52430004ECEB /* Compiler.swift */; };
/* End PBXBuildFile section */

/* Begin PBXContainerItemProxy section */
		1FFD8CB5218F50870004ECEB /* PBXContainerItemProxy */ = {
			isa = PBXContainerItemProxy;
			containerPortal = 1FFD8C97218F50850004ECEB /* Project object */;
			proxyType = 1;
			remoteGlobalIDString = 1FFD8C9E218F50850004ECEB;
			remoteInfo = Kelvin;
		};
		1FFD8CC0218F50870004ECEB /* PBXContainerItemProxy */ = {
			isa = PBXContainerItemProxy;
			containerPortal = 1FFD8C97218F50850004ECEB /* Project object */;
			proxyType = 1;
			remoteGlobalIDString = 1FFD8C9E218F50850004ECEB;
			remoteInfo = Kelvin;
		};
/* End PBXContainerItemProxy section */

/* Begin PBXCopyFilesBuildPhase section */
		1F2E82B9219757FC005C3353 /* CopyFiles */ = {
			isa = PBXCopyFilesBuildPhase;
			buildActionMask = 2147483647;
			dstPath = /usr/share/man/man1/;
			dstSubfolderSpec = 0;
			files = (
			);
			runOnlyForDeploymentPostprocessing = 1;
		};
/* End PBXCopyFilesBuildPhase section */

/* Begin PBXFileReference section */
		1F0936BD21F3A54800E707BD /* Probability */ = {isa = PBXFileReference; lastKnownFileType = text; path = Probability; sourceTree = "<group>"; };
		1F0936C021F3C0B300E707BD /* Binary.swift */ = {isa = PBXFileReference; lastKnownFileType = sourcecode.swift; path = Binary.swift; sourceTree = "<group>"; };
		1F0936C221F3C13100E707BD /* Statistics.swift */ = {isa = PBXFileReference; lastKnownFileType = sourcecode.swift; path = Statistics.swift; sourceTree = "<group>"; };
		1F0936CA21F4E2A300E707BD /* Unary.swift */ = {isa = PBXFileReference; lastKnownFileType = sourcecode.swift; path = Unary.swift; sourceTree = "<group>"; };
		1F0936CD21F4E36300E707BD /* Probability.swift */ = {isa = PBXFileReference; lastKnownFileType = sourcecode.swift; path = Probability.swift; sourceTree = "<group>"; };
		1F0936D021F4E45900E707BD /* Developer.swift */ = {isa = PBXFileReference; lastKnownFileType = sourcecode.swift; path = Developer.swift; sourceTree = "<group>"; };
		1F0936D621F4E80A00E707BD /* List & Tuple.swift */ = {isa = PBXFileReference; lastKnownFileType = sourcecode.swift; path = "List & Tuple.swift"; sourceTree = "<group>"; };
		1F0936DC21F4EADE00E707BD /* Algebra.swift */ = {isa = PBXFileReference; fileEncoding = 4; lastKnownFileType = sourcecode.swift; path = Algebra.swift; sourceTree = "<group>"; };
		1F0936DE21F4EB7A00E707BD /* Equality.swift */ = {isa = PBXFileReference; lastKnownFileType = sourcecode.swift; path = Equality.swift; sourceTree = "<group>"; };
		1F0936E021F4EBBE00E707BD /* Conversion.swift */ = {isa = PBXFileReference; lastKnownFileType = sourcecode.swift; path = Conversion.swift; sourceTree = "<group>"; };
		1F0936E521F4ED2300E707BD /* Configuration.swift */ = {isa = PBXFileReference; lastKnownFileType = sourcecode.swift; path = Configuration.swift; sourceTree = "<group>"; };
		1F0936EB21F5058B00E707BD /* ListProtocol.swift */ = {isa = PBXFileReference; lastKnownFileType = sourcecode.swift; path = ListProtocol.swift; sourceTree = "<group>"; };
		1F0936EF21F513AF00E707BD /* MutableListProtocol.swift */ = {isa = PBXFileReference; lastKnownFileType = sourcecode.swift; path = MutableListProtocol.swift; sourceTree = "<group>"; };
		1F0936F321F5184400E707BD /* Double+Value.swift */ = {isa = PBXFileReference; lastKnownFileType = sourcecode.swift; path = "Double+Value.swift"; sourceTree = "<group>"; };
		1F0936F521F5186200E707BD /* Int+Value.swift */ = {isa = PBXFileReference; lastKnownFileType = sourcecode.swift; path = "Int+Value.swift"; sourceTree = "<group>"; };
		1F0936F721F5189500E707BD /* Bool+Value.swift */ = {isa = PBXFileReference; lastKnownFileType = sourcecode.swift; path = "Bool+Value.swift"; sourceTree = "<group>"; };
		1F0936F921F518BB00E707BD /* NSNumber+Value.swift */ = {isa = PBXFileReference; lastKnownFileType = sourcecode.swift; path = "NSNumber+Value.swift"; sourceTree = "<group>"; };
		1F09370021F51EC000E707BD /* Vector.swift */ = {isa = PBXFileReference; lastKnownFileType = sourcecode.swift; path = Vector.swift; sourceTree = "<group>"; };
		1F09370321F54E6200E707BD /* Calculus.swift */ = {isa = PBXFileReference; lastKnownFileType = sourcecode.swift; path = Calculus.swift; sourceTree = "<group>"; };
		1F09370621F56F9C00E707BD /* Calculus */ = {isa = PBXFileReference; lastKnownFileType = text; path = Calculus; sourceTree = "<group>"; };
		1F09370A21F57B0200E707BD /* Trigonometry */ = {isa = PBXFileReference; lastKnownFileType = text; path = Trigonometry; sourceTree = "<group>"; };
		1F09370E21F5800B00E707BD /* String */ = {isa = PBXFileReference; lastKnownFileType = text; path = String; sourceTree = "<group>"; };
		1F09371021F62BF700E707BD /* Loops */ = {isa = PBXFileReference; lastKnownFileType = text; path = Loops; sourceTree = "<group>"; };
		1F09371421F64FC600E707BD /* Randomization */ = {isa = PBXFileReference; lastKnownFileType = text; path = Randomization; sourceTree = "<group>"; };
		1F09371621F66C4B00E707BD /* Subscript */ = {isa = PBXFileReference; lastKnownFileType = text; path = Subscript; sourceTree = "<group>"; };
		1F09371821F672CD00E707BD /* DateTime */ = {isa = PBXFileReference; lastKnownFileType = text; path = DateTime; sourceTree = "<group>"; };
		1F09371A21F67FDD00E707BD /* SystemCheck */ = {isa = PBXFileReference; lastKnownFileType = text; path = SystemCheck; sourceTree = "<group>"; };
		1F09371C21F684D500E707BD /* Scope.swift */ = {isa = PBXFileReference; lastKnownFileType = sourcecode.swift; path = Scope.swift; sourceTree = "<group>"; };
		1F0A90DE21F7E94200432B17 /* ErrorHandling */ = {isa = PBXFileReference; lastKnownFileType = text; path = ErrorHandling; sourceTree = "<group>"; };
		1F0A90E121F8C32B00432B17 /* String+Colors.swift */ = {isa = PBXFileReference; lastKnownFileType = sourcecode.swift; path = "String+Colors.swift"; sourceTree = "<group>"; };
		1F0A90E421F93DCE00432B17 /* Statistics */ = {isa = PBXFileReference; lastKnownFileType = text; path = Statistics; sourceTree = "<group>"; };
		1F0A90E621F97B5000432B17 /* String+Regex.swift */ = {isa = PBXFileReference; lastKnownFileType = sourcecode.swift; path = "String+Regex.swift"; sourceTree = "<group>"; };
		1F0A90E921FA0EF600432B17 /* DataType.swift */ = {isa = PBXFileReference; lastKnownFileType = sourcecode.swift; path = DataType.swift; sourceTree = "<group>"; };
		1F0A90EC21FA27E700432B17 /* Vector & Matrix.swift */ = {isa = PBXFileReference; lastKnownFileType = sourcecode.swift; path = "Vector & Matrix.swift"; sourceTree = "<group>"; };
		1F0CF2C321EA420400E40086 /* String+LeafNode.swift */ = {isa = PBXFileReference; lastKnownFileType = sourcecode.swift; path = "String+LeafNode.swift"; sourceTree = "<group>"; };
		1F0CF2C621EBA8C800E40086 /* Syntax.swift */ = {isa = PBXFileReference; lastKnownFileType = sourcecode.swift; path = Syntax.swift; sourceTree = "<group>"; };
		1F0CF2D221EEA74A00E40086 /* Misc */ = {isa = PBXFileReference; lastKnownFileType = text; path = Misc; sourceTree = "<group>"; };
		1F0CF2D421EEB69300E40086 /* Program.swift */ = {isa = PBXFileReference; lastKnownFileType = sourcecode.swift; path = Program.swift; sourceTree = "<group>"; };
		1F2E82AB21966FC5005C3353 /* Operation.swift */ = {isa = PBXFileReference; lastKnownFileType = sourcecode.swift; path = Operation.swift; sourceTree = "<group>"; };
		1F2E82AD2197331F005C3353 /* Function.swift */ = {isa = PBXFileReference; lastKnownFileType = sourcecode.swift; path = Function.swift; sourceTree = "<group>"; };
		1F2E82AF2197338B005C3353 /* Node.swift */ = {isa = PBXFileReference; lastKnownFileType = sourcecode.swift; path = Node.swift; sourceTree = "<group>"; };
		1F2E82B121973FF7005C3353 /* Value.swift */ = {isa = PBXFileReference; lastKnownFileType = sourcecode.swift; path = Value.swift; sourceTree = "<group>"; };
		1F2E82B32197416D005C3353 /* List.swift */ = {isa = PBXFileReference; lastKnownFileType = sourcecode.swift; path = List.swift; sourceTree = "<group>"; };
		1F2E82B521974368005C3353 /* Variable.swift */ = {isa = PBXFileReference; lastKnownFileType = sourcecode.swift; path = Variable.swift; sourceTree = "<group>"; };
		1F2E82BB219757FC005C3353 /* KelvinCommandLine */ = {isa = PBXFileReference; explicitFileType = "compiled.mach-o.executable"; includeInIndex = 0; path = KelvinCommandLine; sourceTree = BUILT_PRODUCTS_DIR; };
		1F2E82BD219757FC005C3353 /* main.swift */ = {isa = PBXFileReference; lastKnownFileType = sourcecode.swift; path = main.swift; sourceTree = "<group>"; };
		1F3974BB21E3970F006D6DC2 /* Error.swift */ = {isa = PBXFileReference; lastKnownFileType = sourcecode.swift; path = Error.swift; sourceTree = "<group>"; };
		1F3974BE21E3B741006D6DC2 /* LeafNode.swift */ = {isa = PBXFileReference; lastKnownFileType = sourcecode.swift; path = LeafNode.swift; sourceTree = "<group>"; };
		1F3974C021E3B761006D6DC2 /* NaN.swift */ = {isa = PBXFileReference; lastKnownFileType = sourcecode.swift; path = NaN.swift; sourceTree = "<group>"; };
		1F3974C421E633FD006D6DC2 /* Equation.swift */ = {isa = PBXFileReference; lastKnownFileType = sourcecode.swift; path = Equation.swift; sourceTree = "<group>"; };
		1F3974C721E67627006D6DC2 /* Mode.swift */ = {isa = PBXFileReference; lastKnownFileType = sourcecode.swift; path = Mode.swift; sourceTree = "<group>"; };
		1F645FBF21FAA1260096AD1C /* Vector */ = {isa = PBXFileReference; lastKnownFileType = text; path = Vector; sourceTree = "<group>"; };
		1FE1697221F28F1E0006712C /* Tests */ = {isa = PBXFileReference; lastKnownFileType = text; path = Tests; sourceTree = "<group>"; };
		1FE1697521F2D44A0006712C /* Tuple.swift */ = {isa = PBXFileReference; lastKnownFileType = sourcecode.swift; path = Tuple.swift; sourceTree = "<group>"; };
		1FE1697A21F2EC070006712C /* Conditionals */ = {isa = PBXFileReference; lastKnownFileType = text; path = Conditionals; sourceTree = "<group>"; };
		1FE1697C21F380CA0006712C /* BinaryNode.swift */ = {isa = PBXFileReference; lastKnownFileType = sourcecode.swift; path = BinaryNode.swift; sourceTree = "<group>"; };
		1FFD8C9F218F50850004ECEB /* Kelvin.app */ = {isa = PBXFileReference; explicitFileType = wrapper.application; includeInIndex = 0; path = Kelvin.app; sourceTree = BUILT_PRODUCTS_DIR; };
		1FFD8CA2218F50850004ECEB /* AppDelegate.swift */ = {isa = PBXFileReference; lastKnownFileType = sourcecode.swift; path = AppDelegate.swift; sourceTree = "<group>"; };
		1FFD8CA4218F50850004ECEB /* ViewController.swift */ = {isa = PBXFileReference; lastKnownFileType = sourcecode.swift; path = ViewController.swift; sourceTree = "<group>"; };
		1FFD8CA7218F50850004ECEB /* Kelvin.xcdatamodel */ = {isa = PBXFileReference; lastKnownFileType = wrapper.xcdatamodel; path = Kelvin.xcdatamodel; sourceTree = "<group>"; };
		1FFD8CA9218F50870004ECEB /* Assets.xcassets */ = {isa = PBXFileReference; lastKnownFileType = folder.assetcatalog; path = Assets.xcassets; sourceTree = "<group>"; };
		1FFD8CAC218F50870004ECEB /* Base */ = {isa = PBXFileReference; lastKnownFileType = file.storyboard; name = Base; path = Base.lproj/Main.storyboard; sourceTree = "<group>"; };
		1FFD8CAE218F50870004ECEB /* Info.plist */ = {isa = PBXFileReference; lastKnownFileType = text.plist.xml; path = Info.plist; sourceTree = "<group>"; };
		1FFD8CAF218F50870004ECEB /* Kelvin.entitlements */ = {isa = PBXFileReference; lastKnownFileType = text.plist.entitlements; path = Kelvin.entitlements; sourceTree = "<group>"; };
		1FFD8CB4218F50870004ECEB /* KelvinTests.xctest */ = {isa = PBXFileReference; explicitFileType = wrapper.cfbundle; includeInIndex = 0; path = KelvinTests.xctest; sourceTree = BUILT_PRODUCTS_DIR; };
		1FFD8CB8218F50870004ECEB /* KelvinTests.swift */ = {isa = PBXFileReference; lastKnownFileType = sourcecode.swift; path = KelvinTests.swift; sourceTree = "<group>"; };
		1FFD8CBA218F50870004ECEB /* Info.plist */ = {isa = PBXFileReference; lastKnownFileType = text.plist.xml; path = Info.plist; sourceTree = "<group>"; };
		1FFD8CBF218F50870004ECEB /* KelvinUITests.xctest */ = {isa = PBXFileReference; explicitFileType = wrapper.cfbundle; includeInIndex = 0; path = KelvinUITests.xctest; sourceTree = BUILT_PRODUCTS_DIR; };
		1FFD8CC3218F50870004ECEB /* KelvinUITests.swift */ = {isa = PBXFileReference; lastKnownFileType = sourcecode.swift; path = KelvinUITests.swift; sourceTree = "<group>"; };
		1FFD8CC5218F50870004ECEB /* Info.plist */ = {isa = PBXFileReference; lastKnownFileType = text.plist.xml; path = Info.plist; sourceTree = "<group>"; };
		1FFD8CD4218F52430004ECEB /* Compiler.swift */ = {isa = PBXFileReference; lastKnownFileType = sourcecode.swift; path = Compiler.swift; sourceTree = "<group>"; };
/* End PBXFileReference section */

/* Begin PBXFrameworksBuildPhase section */
		1F2E82B8219757FC005C3353 /* Frameworks */ = {
			isa = PBXFrameworksBuildPhase;
			buildActionMask = 2147483647;
			files = (
			);
			runOnlyForDeploymentPostprocessing = 0;
		};
		1FFD8C9C218F50850004ECEB /* Frameworks */ = {
			isa = PBXFrameworksBuildPhase;
			buildActionMask = 2147483647;
			files = (
			);
			runOnlyForDeploymentPostprocessing = 0;
		};
		1FFD8CB1218F50870004ECEB /* Frameworks */ = {
			isa = PBXFrameworksBuildPhase;
			buildActionMask = 2147483647;
			files = (
			);
			runOnlyForDeploymentPostprocessing = 0;
		};
		1FFD8CBC218F50870004ECEB /* Frameworks */ = {
			isa = PBXFrameworksBuildPhase;
			buildActionMask = 2147483647;
			files = (
			);
			runOnlyForDeploymentPostprocessing = 0;
		};
/* End PBXFrameworksBuildPhase section */

/* Begin PBXGroup section */
		1F0936BF21F3C08100E707BD /* Core */ = {
			isa = PBXGroup;
			children = (
				1F0936C921F4E26700E707BD /* Arithmetic */,
				1F0936C221F3C13100E707BD /* Statistics.swift */,
				1F09370321F54E6200E707BD /* Calculus.swift */,
				1F0936CD21F4E36300E707BD /* Probability.swift */,
				1F0936DC21F4EADE00E707BD /* Algebra.swift */,
				1F0936D021F4E45900E707BD /* Developer.swift */,
				1F0936D621F4E80A00E707BD /* List & Tuple.swift */,
				1F0A90EC21FA27E700432B17 /* Vector & Matrix.swift */,
				1F0936DE21F4EB7A00E707BD /* Equality.swift */,
				1F0936E021F4EBBE00E707BD /* Conversion.swift */,
				1F0936E521F4ED2300E707BD /* Configuration.swift */,
			);
			path = Core;
			sourceTree = "<group>";
		};
		1F0936C921F4E26700E707BD /* Arithmetic */ = {
			isa = PBXGroup;
			children = (
				1F0936C021F3C0B300E707BD /* Binary.swift */,
				1F0936CA21F4E2A300E707BD /* Unary.swift */,
			);
			path = Arithmetic;
			sourceTree = "<group>";
		};
		1F0936EE21F5132200E707BD /* Protocols */ = {
			isa = PBXGroup;
			children = (
				1FE1697C21F380CA0006712C /* BinaryNode.swift */,
				1F3974BE21E3B741006D6DC2 /* LeafNode.swift */,
				1F0936EB21F5058B00E707BD /* ListProtocol.swift */,
				1F0936EF21F513AF00E707BD /* MutableListProtocol.swift */,
				1F3974C021E3B761006D6DC2 /* NaN.swift */,
				1F2E82AF2197338B005C3353 /* Node.swift */,
				1F2E82B121973FF7005C3353 /* Value.swift */,
			);
			path = Protocols;
			sourceTree = "<group>";
		};
		1F0936F221F516E500E707BD /* DataTypes */ = {
			isa = PBXGroup;
			children = (
				1F3974C421E633FD006D6DC2 /* Equation.swift */,
				1F0936FF21F518E300E707BD /* ValueTypes */,
				1F2E82AD2197331F005C3353 /* Function.swift */,
				1F2E82B32197416D005C3353 /* List.swift */,
				1FE1697521F2D44A0006712C /* Tuple.swift */,
				1F2E82B521974368005C3353 /* Variable.swift */,
				1F09370021F51EC000E707BD /* Vector.swift */,
			);
			path = DataTypes;
			sourceTree = "<group>";
		};
		1F0936FF21F518E300E707BD /* ValueTypes */ = {
			isa = PBXGroup;
			children = (
				1F0936F721F5189500E707BD /* Bool+Value.swift */,
				1F0936F321F5184400E707BD /* Double+Value.swift */,
				1F0936F521F5186200E707BD /* Int+Value.swift */,
				1F0CF2C321EA420400E40086 /* String+LeafNode.swift */,
				1F0936F921F518BB00E707BD /* NSNumber+Value.swift */,
			);
			path = ValueTypes;
			sourceTree = "<group>";
		};
		1F0A90E021F8C30F00432B17 /* Logistics */ = {
			isa = PBXGroup;
			children = (
				1F0A90E121F8C32B00432B17 /* String+Colors.swift */,
				1F0A90E621F97B5000432B17 /* String+Regex.swift */,
			);
			path = Logistics;
			sourceTree = "<group>";
		};
		1F0CF2CF21EEA6D600E40086 /* Examples */ = {
			isa = PBXGroup;
			children = (
				1F0CF2D221EEA74A00E40086 /* Misc */,
				1FE1697221F28F1E0006712C /* Tests */,
				1FE1697A21F2EC070006712C /* Conditionals */,
				1F0936BD21F3A54800E707BD /* Probability */,
				1F09370E21F5800B00E707BD /* String */,
				1F09371A21F67FDD00E707BD /* SystemCheck */,
				1F09370621F56F9C00E707BD /* Calculus */,
				1F09370A21F57B0200E707BD /* Trigonometry */,
				1F09371421F64FC600E707BD /* Randomization */,
				1F09371021F62BF700E707BD /* Loops */,
				1F09371621F66C4B00E707BD /* Subscript */,
				1F09371821F672CD00E707BD /* DateTime */,
				1F645FBF21FAA1260096AD1C /* Vector */,
				1F0A90DE21F7E94200432B17 /* ErrorHandling */,
				1F0A90E421F93DCE00432B17 /* Statistics */,
			);
			path = Examples;
			sourceTree = "<group>";
		};
		1F2E82BC219757FC005C3353 /* KelvinCommandLine */ = {
			isa = PBXGroup;
			children = (
				1F2E82BD219757FC005C3353 /* main.swift */,
			);
			path = KelvinCommandLine;
			sourceTree = "<group>";
		};
		1FFD8C96218F50850004ECEB = {
			isa = PBXGroup;
			children = (
				1F0CF2CF21EEA6D600E40086 /* Examples */,
				1FFD8CA1218F50850004ECEB /* Kelvin */,
				1FFD8CB7218F50870004ECEB /* KelvinTests */,
				1FFD8CC2218F50870004ECEB /* KelvinUITests */,
				1F2E82BC219757FC005C3353 /* KelvinCommandLine */,
				1FFD8CA0218F50850004ECEB /* Products */,
			);
			sourceTree = "<group>";
		};
		1FFD8CA0218F50850004ECEB /* Products */ = {
			isa = PBXGroup;
			children = (
				1FFD8C9F218F50850004ECEB /* Kelvin.app */,
				1FFD8CB4218F50870004ECEB /* KelvinTests.xctest */,
				1FFD8CBF218F50870004ECEB /* KelvinUITests.xctest */,
				1F2E82BB219757FC005C3353 /* KelvinCommandLine */,
			);
			name = Products;
			sourceTree = "<group>";
		};
		1FFD8CA1218F50850004ECEB /* Kelvin */ = {
			isa = PBXGroup;
			children = (
				1FFD8CA2218F50850004ECEB /* AppDelegate.swift */,
				1FFD8CD2218F51850004ECEB /* Interface */,
				1FFD8CD3218F522E0004ECEB /* Model */,
				1FFD8CD1218F51330004ECEB /* Resources */,
				1FFD8CAF218F50870004ECEB /* Kelvin.entitlements */,
			);
			path = Kelvin;
			sourceTree = "<group>";
		};
		1FFD8CB7218F50870004ECEB /* KelvinTests */ = {
			isa = PBXGroup;
			children = (
				1FFD8CB8218F50870004ECEB /* KelvinTests.swift */,
				1FFD8CBA218F50870004ECEB /* Info.plist */,
			);
			path = KelvinTests;
			sourceTree = "<group>";
		};
		1FFD8CC2218F50870004ECEB /* KelvinUITests */ = {
			isa = PBXGroup;
			children = (
				1FFD8CC3218F50870004ECEB /* KelvinUITests.swift */,
				1FFD8CC5218F50870004ECEB /* Info.plist */,
			);
			path = KelvinUITests;
			sourceTree = "<group>";
		};
		1FFD8CD1218F51330004ECEB /* Resources */ = {
			isa = PBXGroup;
			children = (
				1FFD8CA9218F50870004ECEB /* Assets.xcassets */,
				1FFD8CAE218F50870004ECEB /* Info.plist */,
				1FFD8CA6218F50850004ECEB /* Kelvin.xcdatamodeld */,
			);
			path = Resources;
			sourceTree = "<group>";
		};
		1FFD8CD2218F51850004ECEB /* Interface */ = {
			isa = PBXGroup;
			children = (
				1FFD8CA4218F50850004ECEB /* ViewController.swift */,
				1FFD8CAB218F50870004ECEB /* Main.storyboard */,
			);
			path = Interface;
			sourceTree = "<group>";
		};
		1FFD8CD3218F522E0004ECEB /* Model */ = {
			isa = PBXGroup;
			children = (
				1F0936BF21F3C08100E707BD /* Core */,
				1F0936F221F516E500E707BD /* DataTypes */,
				1F0A90E021F8C30F00432B17 /* Logistics */,
				1F0936EE21F5132200E707BD /* Protocols */,
				1FFD8CD4218F52430004ECEB /* Compiler.swift */,
				1F3974BB21E3970F006D6DC2 /* Error.swift */,
				1F0A90E921FA0EF600432B17 /* DataType.swift */,
				1F3974C721E67627006D6DC2 /* Mode.swift */,
				1F2E82AB21966FC5005C3353 /* Operation.swift */,
				1F09371C21F684D500E707BD /* Scope.swift */,
				1F0CF2D421EEB69300E40086 /* Program.swift */,
				1F0CF2C621EBA8C800E40086 /* Syntax.swift */,
			);
			path = Model;
			sourceTree = "<group>";
		};
/* End PBXGroup section */

/* Begin PBXNativeTarget section */
		1F2E82BA219757FC005C3353 /* KelvinCommandLine */ = {
			isa = PBXNativeTarget;
			buildConfigurationList = 1F2E82C1219757FC005C3353 /* Build configuration list for PBXNativeTarget "KelvinCommandLine" */;
			buildPhases = (
				1F2E82B7219757FC005C3353 /* Sources */,
				1F2E82B8219757FC005C3353 /* Frameworks */,
				1F2E82B9219757FC005C3353 /* CopyFiles */,
			);
			buildRules = (
			);
			dependencies = (
			);
			name = KelvinCommandLine;
			productName = KelvinCommandLine;
			productReference = 1F2E82BB219757FC005C3353 /* KelvinCommandLine */;
			productType = "com.apple.product-type.tool";
		};
		1FFD8C9E218F50850004ECEB /* Kelvin */ = {
			isa = PBXNativeTarget;
			buildConfigurationList = 1FFD8CC8218F50870004ECEB /* Build configuration list for PBXNativeTarget "Kelvin" */;
			buildPhases = (
				1FFD8C9B218F50850004ECEB /* Sources */,
				1FFD8C9C218F50850004ECEB /* Frameworks */,
				1FFD8C9D218F50850004ECEB /* Resources */,
			);
			buildRules = (
			);
			dependencies = (
			);
			name = Kelvin;
			productName = Kelvin;
			productReference = 1FFD8C9F218F50850004ECEB /* Kelvin.app */;
			productType = "com.apple.product-type.application";
		};
		1FFD8CB3218F50870004ECEB /* KelvinTests */ = {
			isa = PBXNativeTarget;
			buildConfigurationList = 1FFD8CCB218F50870004ECEB /* Build configuration list for PBXNativeTarget "KelvinTests" */;
			buildPhases = (
				1FFD8CB0218F50870004ECEB /* Sources */,
				1FFD8CB1218F50870004ECEB /* Frameworks */,
				1FFD8CB2218F50870004ECEB /* Resources */,
			);
			buildRules = (
			);
			dependencies = (
				1FFD8CB6218F50870004ECEB /* PBXTargetDependency */,
			);
			name = KelvinTests;
			productName = KelvinTests;
			productReference = 1FFD8CB4218F50870004ECEB /* KelvinTests.xctest */;
			productType = "com.apple.product-type.bundle.unit-test";
		};
		1FFD8CBE218F50870004ECEB /* KelvinUITests */ = {
			isa = PBXNativeTarget;
			buildConfigurationList = 1FFD8CCE218F50870004ECEB /* Build configuration list for PBXNativeTarget "KelvinUITests" */;
			buildPhases = (
				1FFD8CBB218F50870004ECEB /* Sources */,
				1FFD8CBC218F50870004ECEB /* Frameworks */,
				1FFD8CBD218F50870004ECEB /* Resources */,
			);
			buildRules = (
			);
			dependencies = (
				1FFD8CC1218F50870004ECEB /* PBXTargetDependency */,
			);
			name = KelvinUITests;
			productName = KelvinUITests;
			productReference = 1FFD8CBF218F50870004ECEB /* KelvinUITests.xctest */;
			productType = "com.apple.product-type.bundle.ui-testing";
		};
/* End PBXNativeTarget section */

/* Begin PBXProject section */
		1FFD8C97218F50850004ECEB /* Project object */ = {
			isa = PBXProject;
			attributes = {
				LastSwiftUpdateCheck = 1010;
				LastUpgradeCheck = 1010;
				ORGANIZATIONNAME = "Jiachen Ren";
				TargetAttributes = {
					1F2E82BA219757FC005C3353 = {
						CreatedOnToolsVersion = 10.1;
					};
					1FFD8C9E218F50850004ECEB = {
						CreatedOnToolsVersion = 10.1;
					};
					1FFD8CB3218F50870004ECEB = {
						CreatedOnToolsVersion = 10.1;
						TestTargetID = 1FFD8C9E218F50850004ECEB;
					};
					1FFD8CBE218F50870004ECEB = {
						CreatedOnToolsVersion = 10.1;
						TestTargetID = 1FFD8C9E218F50850004ECEB;
					};
				};
			};
			buildConfigurationList = 1FFD8C9A218F50850004ECEB /* Build configuration list for PBXProject "Kelvin" */;
			compatibilityVersion = "Xcode 9.3";
			developmentRegion = en;
			hasScannedForEncodings = 0;
			knownRegions = (
				en,
				Base,
			);
			mainGroup = 1FFD8C96218F50850004ECEB;
			productRefGroup = 1FFD8CA0218F50850004ECEB /* Products */;
			projectDirPath = "";
			projectRoot = "";
			targets = (
				1FFD8C9E218F50850004ECEB /* Kelvin */,
				1FFD8CB3218F50870004ECEB /* KelvinTests */,
				1FFD8CBE218F50870004ECEB /* KelvinUITests */,
				1F2E82BA219757FC005C3353 /* KelvinCommandLine */,
			);
		};
/* End PBXProject section */

/* Begin PBXResourcesBuildPhase section */
		1FFD8C9D218F50850004ECEB /* Resources */ = {
			isa = PBXResourcesBuildPhase;
			buildActionMask = 2147483647;
			files = (
				1FE1697321F28F1E0006712C /* Tests in Resources */,
				1F09371521F64FC600E707BD /* Randomization in Resources */,
				1F09370F21F5800B00E707BD /* String in Resources */,
				1F09371B21F67FDD00E707BD /* SystemCheck in Resources */,
				1F09370721F56F9C00E707BD /* Calculus in Resources */,
				1F0A90E521F93DCE00432B17 /* Statistics in Resources */,
				1FFD8CAA218F50870004ECEB /* Assets.xcassets in Resources */,
				1F09371921F672CD00E707BD /* DateTime in Resources */,
				1F0CF2D321EEA74A00E40086 /* Misc in Resources */,
				1F0A90DF21F7E94200432B17 /* ErrorHandling in Resources */,
				1FE1697B21F2EC070006712C /* Conditionals in Resources */,
				1F09371121F62BF700E707BD /* Loops in Resources */,
				1F645FC021FAA1260096AD1C /* Vector in Resources */,
				1F09371721F66C4B00E707BD /* Subscript in Resources */,
				1F0936BE21F3A54800E707BD /* Probability in Resources */,
				1FFD8CAD218F50870004ECEB /* Main.storyboard in Resources */,
				1F09370B21F57B0200E707BD /* Trigonometry in Resources */,
			);
			runOnlyForDeploymentPostprocessing = 0;
		};
		1FFD8CB2218F50870004ECEB /* Resources */ = {
			isa = PBXResourcesBuildPhase;
			buildActionMask = 2147483647;
			files = (
			);
			runOnlyForDeploymentPostprocessing = 0;
		};
		1FFD8CBD218F50870004ECEB /* Resources */ = {
			isa = PBXResourcesBuildPhase;
			buildActionMask = 2147483647;
			files = (
			);
			runOnlyForDeploymentPostprocessing = 0;
		};
/* End PBXResourcesBuildPhase section */

/* Begin PBXSourcesBuildPhase section */
		1F2E82B7219757FC005C3353 /* Sources */ = {
			isa = PBXSourcesBuildPhase;
			buildActionMask = 2147483647;
			files = (
				1F0A90EE21FA2A5C00432B17 /* Vector & Matrix.swift in Sources */,
				1F0A90EB21FA10D800432B17 /* DataType.swift in Sources */,
				1F0A90E821F97B7200432B17 /* String+Regex.swift in Sources */,
				1F0A90E321F8C3C100432B17 /* String+Colors.swift in Sources */,
				1F09371E21F684EC00E707BD /* Scope.swift in Sources */,
				1F09370521F5618200E707BD /* Calculus.swift in Sources */,
				1F09370221F51EDD00E707BD /* Vector.swift in Sources */,
				1F0936FB21F518D000E707BD /* Bool+Value.swift in Sources */,
				1F0936FC21F518D000E707BD /* Double+Value.swift in Sources */,
				1F0936FD21F518D000E707BD /* Int+Value.swift in Sources */,
				1F0936FE21F518D000E707BD /* NSNumber+Value.swift in Sources */,
				1F0936F121F513CF00E707BD /* MutableListProtocol.swift in Sources */,
				1F0936ED21F5066100E707BD /* ListProtocol.swift in Sources */,
				1F0936E721F4EDA100E707BD /* Configuration.swift in Sources */,
				1F0936E221F4EBF900E707BD /* Algebra.swift in Sources */,
				1F0936E321F4EBF900E707BD /* Equality.swift in Sources */,
				1F0936E421F4EBF900E707BD /* Conversion.swift in Sources */,
				1F0936D821F4E83A00E707BD /* List & Tuple.swift in Sources */,
				1F0936D421F4E6BF00E707BD /* Developer.swift in Sources */,
				1F0936CF21F4E3A600E707BD /* Probability.swift in Sources */,
				1F0936CC21F4E2FF00E707BD /* Unary.swift in Sources */,
				1F0936C421F3C19F00E707BD /* Binary.swift in Sources */,
				1F0936C521F3C19F00E707BD /* Statistics.swift in Sources */,
				1FE1697E21F381730006712C /* BinaryNode.swift in Sources */,
				1FE1697721F2D5D40006712C /* Tuple.swift in Sources */,
				1F0CF2D621EEB6C100E40086 /* Program.swift in Sources */,
				1F0CF2CA21EBAAB500E40086 /* Syntax.swift in Sources */,
				1F0CF2C521EA428000E40086 /* String+LeafNode.swift in Sources */,
				1F3974C921E6765A006D6DC2 /* Mode.swift in Sources */,
				1F3974C621E6341C006D6DC2 /* Equation.swift in Sources */,
				1F3974C221E3B8A3006D6DC2 /* NaN.swift in Sources */,
				1F3974C321E3B8A3006D6DC2 /* LeafNode.swift in Sources */,
				1F3974BD21E39A7A006D6DC2 /* Error.swift in Sources */,
				1F2E82D021975A94005C3353 /* Compiler.swift in Sources */,
				1F2E82D121975A94005C3353 /* List.swift in Sources */,
				1F2E82D221975A94005C3353 /* Value.swift in Sources */,
				1F2E82D321975A94005C3353 /* Operation.swift in Sources */,
				1F2E82D421975A94005C3353 /* Variable.swift in Sources */,
				1F2E82D521975A94005C3353 /* Function.swift in Sources */,
				1F2E82D621975A94005C3353 /* Node.swift in Sources */,
				1F2E82C32197591F005C3353 /* main.swift in Sources */,
			);
			runOnlyForDeploymentPostprocessing = 0;
		};
		1FFD8C9B218F50850004ECEB /* Sources */ = {
			isa = PBXSourcesBuildPhase;
			buildActionMask = 2147483647;
			files = (
				1F0936F821F5189500E707BD /* Bool+Value.swift in Sources */,
				1F0A90E221F8C32B00432B17 /* String+Colors.swift in Sources */,
				1F3974BF21E3B741006D6DC2 /* LeafNode.swift in Sources */,
				1FE1697621F2D44A0006712C /* Tuple.swift in Sources */,
				1FE1697D21F380CA0006712C /* BinaryNode.swift in Sources */,
				1F2E82B221973FF7005C3353 /* Value.swift in Sources */,
				1F2E82B621974368005C3353 /* Variable.swift in Sources */,
				1F0A90EA21FA0EF600432B17 /* DataType.swift in Sources */,
				1F0936CB21F4E2A300E707BD /* Unary.swift in Sources */,
				1F0936EC21F5058B00E707BD /* ListProtocol.swift in Sources */,
				1F0936E621F4ED2300E707BD /* Configuration.swift in Sources */,
				1F3974C521E633FD006D6DC2 /* Equation.swift in Sources */,
				1FFD8CD5218F52430004ECEB /* Compiler.swift in Sources */,
				1F3974C121E3B761006D6DC2 /* NaN.swift in Sources */,
				1F3974BC21E3970F006D6DC2 /* Error.swift in Sources */,
				1F0A90E721F97B5000432B17 /* String+Regex.swift in Sources */,
				1F09370421F54E6200E707BD /* Calculus.swift in Sources */,
				1F0936F421F5184400E707BD /* Double+Value.swift in Sources */,
				1FFD8CA8218F50850004ECEB /* Kelvin.xcdatamodeld in Sources */,
				1F0936CE21F4E36300E707BD /* Probability.swift in Sources */,
				1F2E82AC21966FC5005C3353 /* Operation.swift in Sources */,
				1F0936DF21F4EB7A00E707BD /* Equality.swift in Sources */,
				1F0936F021F513AF00E707BD /* MutableListProtocol.swift in Sources */,
				1F0936DD21F4EADE00E707BD /* Algebra.swift in Sources */,
				1F2E82AE2197331F005C3353 /* Function.swift in Sources */,
				1F0936C121F3C0B300E707BD /* Binary.swift in Sources */,
				1F0CF2C421EA420400E40086 /* String+LeafNode.swift in Sources */,
				1F0CF2D521EEB69300E40086 /* Program.swift in Sources */,
				1F0936C321F3C13100E707BD /* Statistics.swift in Sources */,
				1F0CF2C721EBA8C800E40086 /* Syntax.swift in Sources */,
				1F09371D21F684D500E707BD /* Scope.swift in Sources */,
				1FFD8CA5218F50850004ECEB /* ViewController.swift in Sources */,
				1F0936FA21F518BB00E707BD /* NSNumber+Value.swift in Sources */,
				1F0936D721F4E80A00E707BD /* List & Tuple.swift in Sources */,
				1F0A90ED21FA27E700432B17 /* Vector & Matrix.swift in Sources */,
				1F3974C821E67627006D6DC2 /* Mode.swift in Sources */,
				1FFD8CA3218F50850004ECEB /* AppDelegate.swift in Sources */,
				1F0936E121F4EBBE00E707BD /* Conversion.swift in Sources */,
				1F2E82B02197338B005C3353 /* Node.swift in Sources */,
				1F09370121F51EC000E707BD /* Vector.swift in Sources */,
				1F0936F621F5186200E707BD /* Int+Value.swift in Sources */,
				1F2E82B42197416D005C3353 /* List.swift in Sources */,
				1F0936D121F4E45900E707BD /* Developer.swift in Sources */,
			);
			runOnlyForDeploymentPostprocessing = 0;
		};
		1FFD8CB0218F50870004ECEB /* Sources */ = {
			isa = PBXSourcesBuildPhase;
			buildActionMask = 2147483647;
			files = (
				1FFD8CB9218F50870004ECEB /* KelvinTests.swift in Sources */,
			);
			runOnlyForDeploymentPostprocessing = 0;
		};
		1FFD8CBB218F50870004ECEB /* Sources */ = {
			isa = PBXSourcesBuildPhase;
			buildActionMask = 2147483647;
			files = (
				1FFD8CC4218F50870004ECEB /* KelvinUITests.swift in Sources */,
			);
			runOnlyForDeploymentPostprocessing = 0;
		};
/* End PBXSourcesBuildPhase section */

/* Begin PBXTargetDependency section */
		1FFD8CB6218F50870004ECEB /* PBXTargetDependency */ = {
			isa = PBXTargetDependency;
			target = 1FFD8C9E218F50850004ECEB /* Kelvin */;
			targetProxy = 1FFD8CB5218F50870004ECEB /* PBXContainerItemProxy */;
		};
		1FFD8CC1218F50870004ECEB /* PBXTargetDependency */ = {
			isa = PBXTargetDependency;
			target = 1FFD8C9E218F50850004ECEB /* Kelvin */;
			targetProxy = 1FFD8CC0218F50870004ECEB /* PBXContainerItemProxy */;
		};
/* End PBXTargetDependency section */

/* Begin PBXVariantGroup section */
		1FFD8CAB218F50870004ECEB /* Main.storyboard */ = {
			isa = PBXVariantGroup;
			children = (
				1FFD8CAC218F50870004ECEB /* Base */,
			);
			name = Main.storyboard;
			sourceTree = "<group>";
		};
/* End PBXVariantGroup section */

/* Begin XCBuildConfiguration section */
		1F2E82BF219757FC005C3353 /* Debug */ = {
			isa = XCBuildConfiguration;
			buildSettings = {
				CODE_SIGN_STYLE = Automatic;
				DEVELOPMENT_TEAM = AM89ND2ZY7;
				PRODUCT_NAME = "$(TARGET_NAME)";
				SWIFT_VERSION = 4.2;
			};
			name = Debug;
		};
		1F2E82C0219757FC005C3353 /* Release */ = {
			isa = XCBuildConfiguration;
			buildSettings = {
				CODE_SIGN_STYLE = Automatic;
				DEVELOPMENT_TEAM = AM89ND2ZY7;
				PRODUCT_NAME = "$(TARGET_NAME)";
				SWIFT_VERSION = 4.2;
			};
			name = Release;
		};
		1FFD8CC6218F50870004ECEB /* Debug */ = {
			isa = XCBuildConfiguration;
			buildSettings = {
				ALWAYS_SEARCH_USER_PATHS = NO;
				CLANG_ANALYZER_NONNULL = YES;
				CLANG_ANALYZER_NUMBER_OBJECT_CONVERSION = YES_AGGRESSIVE;
				CLANG_CXX_LANGUAGE_STANDARD = "gnu++14";
				CLANG_CXX_LIBRARY = "libc++";
				CLANG_ENABLE_MODULES = YES;
				CLANG_ENABLE_OBJC_ARC = YES;
				CLANG_ENABLE_OBJC_WEAK = YES;
				CLANG_WARN_BLOCK_CAPTURE_AUTORELEASING = YES;
				CLANG_WARN_BOOL_CONVERSION = YES;
				CLANG_WARN_COMMA = YES;
				CLANG_WARN_CONSTANT_CONVERSION = YES;
				CLANG_WARN_DEPRECATED_OBJC_IMPLEMENTATIONS = YES;
				CLANG_WARN_DIRECT_OBJC_ISA_USAGE = YES_ERROR;
				CLANG_WARN_DOCUMENTATION_COMMENTS = YES;
				CLANG_WARN_EMPTY_BODY = YES;
				CLANG_WARN_ENUM_CONVERSION = YES;
				CLANG_WARN_INFINITE_RECURSION = YES;
				CLANG_WARN_INT_CONVERSION = YES;
				CLANG_WARN_NON_LITERAL_NULL_CONVERSION = YES;
				CLANG_WARN_OBJC_IMPLICIT_RETAIN_SELF = YES;
				CLANG_WARN_OBJC_LITERAL_CONVERSION = YES;
				CLANG_WARN_OBJC_ROOT_CLASS = YES_ERROR;
				CLANG_WARN_RANGE_LOOP_ANALYSIS = YES;
				CLANG_WARN_STRICT_PROTOTYPES = YES;
				CLANG_WARN_SUSPICIOUS_MOVE = YES;
				CLANG_WARN_UNGUARDED_AVAILABILITY = YES_AGGRESSIVE;
				CLANG_WARN_UNREACHABLE_CODE = YES;
				CLANG_WARN__DUPLICATE_METHOD_MATCH = YES;
				CODE_SIGN_IDENTITY = "Mac Developer";
				CODE_SIGN_STYLE = Automatic;
				COPY_PHASE_STRIP = NO;
				DEBUG_INFORMATION_FORMAT = dwarf;
				ENABLE_STRICT_OBJC_MSGSEND = YES;
				ENABLE_TESTABILITY = YES;
				GCC_C_LANGUAGE_STANDARD = gnu11;
				GCC_DYNAMIC_NO_PIC = NO;
				GCC_NO_COMMON_BLOCKS = YES;
				GCC_OPTIMIZATION_LEVEL = 0;
				GCC_PREPROCESSOR_DEFINITIONS = (
					"DEBUG=1",
					"$(inherited)",
				);
				GCC_WARN_64_TO_32_BIT_CONVERSION = YES;
				GCC_WARN_ABOUT_RETURN_TYPE = YES_ERROR;
				GCC_WARN_UNDECLARED_SELECTOR = YES;
				GCC_WARN_UNINITIALIZED_AUTOS = YES_AGGRESSIVE;
				GCC_WARN_UNUSED_FUNCTION = YES;
				GCC_WARN_UNUSED_VARIABLE = YES;
				MACOSX_DEPLOYMENT_TARGET = 10.14;
				MTL_ENABLE_DEBUG_INFO = INCLUDE_SOURCE;
				MTL_FAST_MATH = YES;
				ONLY_ACTIVE_ARCH = YES;
				SDKROOT = macosx;
				SWIFT_ACTIVE_COMPILATION_CONDITIONS = DEBUG;
				SWIFT_OPTIMIZATION_LEVEL = "-Onone";
			};
			name = Debug;
		};
		1FFD8CC7218F50870004ECEB /* Release */ = {
			isa = XCBuildConfiguration;
			buildSettings = {
				ALWAYS_SEARCH_USER_PATHS = NO;
				CLANG_ANALYZER_NONNULL = YES;
				CLANG_ANALYZER_NUMBER_OBJECT_CONVERSION = YES_AGGRESSIVE;
				CLANG_CXX_LANGUAGE_STANDARD = "gnu++14";
				CLANG_CXX_LIBRARY = "libc++";
				CLANG_ENABLE_MODULES = YES;
				CLANG_ENABLE_OBJC_ARC = YES;
				CLANG_ENABLE_OBJC_WEAK = YES;
				CLANG_WARN_BLOCK_CAPTURE_AUTORELEASING = YES;
				CLANG_WARN_BOOL_CONVERSION = YES;
				CLANG_WARN_COMMA = YES;
				CLANG_WARN_CONSTANT_CONVERSION = YES;
				CLANG_WARN_DEPRECATED_OBJC_IMPLEMENTATIONS = YES;
				CLANG_WARN_DIRECT_OBJC_ISA_USAGE = YES_ERROR;
				CLANG_WARN_DOCUMENTATION_COMMENTS = YES;
				CLANG_WARN_EMPTY_BODY = YES;
				CLANG_WARN_ENUM_CONVERSION = YES;
				CLANG_WARN_INFINITE_RECURSION = YES;
				CLANG_WARN_INT_CONVERSION = YES;
				CLANG_WARN_NON_LITERAL_NULL_CONVERSION = YES;
				CLANG_WARN_OBJC_IMPLICIT_RETAIN_SELF = YES;
				CLANG_WARN_OBJC_LITERAL_CONVERSION = YES;
				CLANG_WARN_OBJC_ROOT_CLASS = YES_ERROR;
				CLANG_WARN_RANGE_LOOP_ANALYSIS = YES;
				CLANG_WARN_STRICT_PROTOTYPES = YES;
				CLANG_WARN_SUSPICIOUS_MOVE = YES;
				CLANG_WARN_UNGUARDED_AVAILABILITY = YES_AGGRESSIVE;
				CLANG_WARN_UNREACHABLE_CODE = YES;
				CLANG_WARN__DUPLICATE_METHOD_MATCH = YES;
				CODE_SIGN_IDENTITY = "Mac Developer";
				CODE_SIGN_STYLE = Automatic;
				COPY_PHASE_STRIP = NO;
				DEBUG_INFORMATION_FORMAT = "dwarf-with-dsym";
				ENABLE_NS_ASSERTIONS = NO;
				ENABLE_STRICT_OBJC_MSGSEND = YES;
				GCC_C_LANGUAGE_STANDARD = gnu11;
				GCC_NO_COMMON_BLOCKS = YES;
				GCC_WARN_64_TO_32_BIT_CONVERSION = YES;
				GCC_WARN_ABOUT_RETURN_TYPE = YES_ERROR;
				GCC_WARN_UNDECLARED_SELECTOR = YES;
				GCC_WARN_UNINITIALIZED_AUTOS = YES_AGGRESSIVE;
				GCC_WARN_UNUSED_FUNCTION = YES;
				GCC_WARN_UNUSED_VARIABLE = YES;
				MACOSX_DEPLOYMENT_TARGET = 10.14;
				MTL_ENABLE_DEBUG_INFO = NO;
				MTL_FAST_MATH = YES;
				SDKROOT = macosx;
				SWIFT_COMPILATION_MODE = wholemodule;
				SWIFT_OPTIMIZATION_LEVEL = "-O";
			};
			name = Release;
		};
		1FFD8CC9218F50870004ECEB /* Debug */ = {
			isa = XCBuildConfiguration;
			buildSettings = {
				ASSETCATALOG_COMPILER_APPICON_NAME = AppIcon;
				CODE_SIGN_ENTITLEMENTS = Kelvin/Kelvin.entitlements;
				CODE_SIGN_STYLE = Automatic;
				COMBINE_HIDPI_IMAGES = YES;
				DEVELOPMENT_TEAM = AM89ND2ZY7;
				INFOPLIST_FILE = "$(SRCROOT)/Kelvin/Resources/Info.plist";
				LD_RUNPATH_SEARCH_PATHS = (
					"$(inherited)",
					"@executable_path/../Frameworks",
				);
				PRODUCT_BUNDLE_IDENTIFIER = com.jiachenren.Kelvin;
				PRODUCT_NAME = "$(TARGET_NAME)";
				SWIFT_VERSION = 4.2;
			};
			name = Debug;
		};
		1FFD8CCA218F50870004ECEB /* Release */ = {
			isa = XCBuildConfiguration;
			buildSettings = {
				ASSETCATALOG_COMPILER_APPICON_NAME = AppIcon;
				CODE_SIGN_ENTITLEMENTS = Kelvin/Kelvin.entitlements;
				CODE_SIGN_STYLE = Automatic;
				COMBINE_HIDPI_IMAGES = YES;
				DEVELOPMENT_TEAM = AM89ND2ZY7;
				INFOPLIST_FILE = "$(SRCROOT)/Kelvin/Resources/Info.plist";
				LD_RUNPATH_SEARCH_PATHS = (
					"$(inherited)",
					"@executable_path/../Frameworks",
				);
				PRODUCT_BUNDLE_IDENTIFIER = com.jiachenren.Kelvin;
				PRODUCT_NAME = "$(TARGET_NAME)";
				SWIFT_VERSION = 4.2;
			};
			name = Release;
		};
		1FFD8CCC218F50870004ECEB /* Debug */ = {
			isa = XCBuildConfiguration;
			buildSettings = {
				ALWAYS_EMBED_SWIFT_STANDARD_LIBRARIES = YES;
				BUNDLE_LOADER = "$(TEST_HOST)";
				CODE_SIGN_STYLE = Automatic;
				COMBINE_HIDPI_IMAGES = YES;
				DEVELOPMENT_TEAM = AM89ND2ZY7;
				INFOPLIST_FILE = KelvinTests/Info.plist;
				LD_RUNPATH_SEARCH_PATHS = (
					"$(inherited)",
					"@executable_path/../Frameworks",
					"@loader_path/../Frameworks",
				);
				PRODUCT_BUNDLE_IDENTIFIER = com.jiachenren.KelvinTests;
				PRODUCT_NAME = "$(TARGET_NAME)";
				SWIFT_VERSION = 4.2;
				TEST_HOST = "$(BUILT_PRODUCTS_DIR)/Kelvin.app/Contents/MacOS/Kelvin";
			};
			name = Debug;
		};
		1FFD8CCD218F50870004ECEB /* Release */ = {
			isa = XCBuildConfiguration;
			buildSettings = {
				ALWAYS_EMBED_SWIFT_STANDARD_LIBRARIES = YES;
				BUNDLE_LOADER = "$(TEST_HOST)";
				CODE_SIGN_STYLE = Automatic;
				COMBINE_HIDPI_IMAGES = YES;
				DEVELOPMENT_TEAM = AM89ND2ZY7;
				INFOPLIST_FILE = KelvinTests/Info.plist;
				LD_RUNPATH_SEARCH_PATHS = (
					"$(inherited)",
					"@executable_path/../Frameworks",
					"@loader_path/../Frameworks",
				);
				PRODUCT_BUNDLE_IDENTIFIER = com.jiachenren.KelvinTests;
				PRODUCT_NAME = "$(TARGET_NAME)";
				SWIFT_VERSION = 4.2;
				TEST_HOST = "$(BUILT_PRODUCTS_DIR)/Kelvin.app/Contents/MacOS/Kelvin";
			};
			name = Release;
		};
		1FFD8CCF218F50870004ECEB /* Debug */ = {
			isa = XCBuildConfiguration;
			buildSettings = {
				ALWAYS_EMBED_SWIFT_STANDARD_LIBRARIES = YES;
				CODE_SIGN_STYLE = Automatic;
				COMBINE_HIDPI_IMAGES = YES;
				DEVELOPMENT_TEAM = AM89ND2ZY7;
				INFOPLIST_FILE = KelvinUITests/Info.plist;
				LD_RUNPATH_SEARCH_PATHS = (
					"$(inherited)",
					"@executable_path/../Frameworks",
					"@loader_path/../Frameworks",
				);
				PRODUCT_BUNDLE_IDENTIFIER = com.jiachenren.KelvinUITests;
				PRODUCT_NAME = "$(TARGET_NAME)";
				SWIFT_VERSION = 4.2;
				TEST_TARGET_NAME = Kelvin;
			};
			name = Debug;
		};
		1FFD8CD0218F50870004ECEB /* Release */ = {
			isa = XCBuildConfiguration;
			buildSettings = {
				ALWAYS_EMBED_SWIFT_STANDARD_LIBRARIES = YES;
				CODE_SIGN_STYLE = Automatic;
				COMBINE_HIDPI_IMAGES = YES;
				DEVELOPMENT_TEAM = AM89ND2ZY7;
				INFOPLIST_FILE = KelvinUITests/Info.plist;
				LD_RUNPATH_SEARCH_PATHS = (
					"$(inherited)",
					"@executable_path/../Frameworks",
					"@loader_path/../Frameworks",
				);
				PRODUCT_BUNDLE_IDENTIFIER = com.jiachenren.KelvinUITests;
				PRODUCT_NAME = "$(TARGET_NAME)";
				SWIFT_VERSION = 4.2;
				TEST_TARGET_NAME = Kelvin;
			};
			name = Release;
		};
/* End XCBuildConfiguration section */

/* Begin XCConfigurationList section */
		1F2E82C1219757FC005C3353 /* Build configuration list for PBXNativeTarget "KelvinCommandLine" */ = {
			isa = XCConfigurationList;
			buildConfigurations = (
				1F2E82BF219757FC005C3353 /* Debug */,
				1F2E82C0219757FC005C3353 /* Release */,
			);
			defaultConfigurationIsVisible = 0;
			defaultConfigurationName = Release;
		};
		1FFD8C9A218F50850004ECEB /* Build configuration list for PBXProject "Kelvin" */ = {
			isa = XCConfigurationList;
			buildConfigurations = (
				1FFD8CC6218F50870004ECEB /* Debug */,
				1FFD8CC7218F50870004ECEB /* Release */,
			);
			defaultConfigurationIsVisible = 0;
			defaultConfigurationName = Release;
		};
		1FFD8CC8218F50870004ECEB /* Build configuration list for PBXNativeTarget "Kelvin" */ = {
			isa = XCConfigurationList;
			buildConfigurations = (
				1FFD8CC9218F50870004ECEB /* Debug */,
				1FFD8CCA218F50870004ECEB /* Release */,
			);
			defaultConfigurationIsVisible = 0;
			defaultConfigurationName = Release;
		};
		1FFD8CCB218F50870004ECEB /* Build configuration list for PBXNativeTarget "KelvinTests" */ = {
			isa = XCConfigurationList;
			buildConfigurations = (
				1FFD8CCC218F50870004ECEB /* Debug */,
				1FFD8CCD218F50870004ECEB /* Release */,
			);
			defaultConfigurationIsVisible = 0;
			defaultConfigurationName = Release;
		};
		1FFD8CCE218F50870004ECEB /* Build configuration list for PBXNativeTarget "KelvinUITests" */ = {
			isa = XCConfigurationList;
			buildConfigurations = (
				1FFD8CCF218F50870004ECEB /* Debug */,
				1FFD8CD0218F50870004ECEB /* Release */,
			);
			defaultConfigurationIsVisible = 0;
			defaultConfigurationName = Release;
		};
/* End XCConfigurationList section */

/* Begin XCVersionGroup section */
		1FFD8CA6218F50850004ECEB /* Kelvin.xcdatamodeld */ = {
			isa = XCVersionGroup;
			children = (
				1FFD8CA7218F50850004ECEB /* Kelvin.xcdatamodel */,
			);
			currentVersion = 1FFD8CA7218F50850004ECEB /* Kelvin.xcdatamodel */;
			path = Kelvin.xcdatamodeld;
			sourceTree = "<group>";
			versionGroupType = wrapper.xcdatamodel;
		};
/* End XCVersionGroup section */
	};
	rootObject = 1FFD8C97218F50850004ECEB /* Project object */;
}
